# This file is automatically @generated by Cargo.
# It is not intended for manual editing.
version = 4

[[package]]
name = "aho-corasick"
version = "1.1.3"
source = "registry+https://github.com/rust-lang/crates.io-index"
checksum = "8e60d3430d3a69478ad0993f19238d2df97c507009a52b3c10addcd7f6bcb916"
dependencies = [
 "memchr",
]

[[package]]
name = "anstream"
version = "0.6.20"
source = "registry+https://github.com/rust-lang/crates.io-index"
checksum = "3ae563653d1938f79b1ab1b5e668c87c76a9930414574a6583a7b7e11a8e6192"
dependencies = [
 "anstyle",
 "anstyle-parse",
 "anstyle-query",
 "anstyle-wincon",
 "colorchoice",
 "is_terminal_polyfill",
 "utf8parse",
]

[[package]]
name = "anstyle"
version = "1.0.11"
source = "registry+https://github.com/rust-lang/crates.io-index"
checksum = "862ed96ca487e809f1c8e5a8447f6ee2cf102f846893800b20cebdf541fc6bbd"

[[package]]
name = "anstyle-parse"
version = "0.2.7"
source = "registry+https://github.com/rust-lang/crates.io-index"
checksum = "4e7644824f0aa2c7b9384579234ef10eb7efb6a0deb83f9630a49594dd9c15c2"
dependencies = [
 "utf8parse",
]

[[package]]
name = "anstyle-query"
version = "1.1.4"
source = "registry+https://github.com/rust-lang/crates.io-index"
checksum = "9e231f6134f61b71076a3eab506c379d4f36122f2af15a9ff04415ea4c3339e2"
dependencies = [
 "windows-sys 0.60.2",
]

[[package]]
name = "anstyle-wincon"
version = "3.0.10"
source = "registry+https://github.com/rust-lang/crates.io-index"
checksum = "3e0633414522a32ffaac8ac6cc8f748e090c5717661fddeea04219e2344f5f2a"
dependencies = [
 "anstyle",
 "once_cell_polyfill",
 "windows-sys 0.60.2",
]

[[package]]
name = "anyhow"
version = "1.0.100"
source = "registry+https://github.com/rust-lang/crates.io-index"
checksum = "a23eb6b1614318a8071c9b2521f36b424b2c83db5eb3a0fead4a6c0809af6e61"

[[package]]
name = "async-channel"
version = "2.5.0"
source = "registry+https://github.com/rust-lang/crates.io-index"
checksum = "924ed96dd52d1b75e9c1a3e6275715fd320f5f9439fb5a4a11fa51f4221158d2"
dependencies = [
 "concurrent-queue",
 "event-listener-strategy",
 "futures-core",
 "pin-project-lite",
]

[[package]]
name = "async-executor"
version = "1.13.3"
source = "registry+https://github.com/rust-lang/crates.io-index"
checksum = "497c00e0fd83a72a79a39fcbd8e3e2f055d6f6c7e025f3b3d91f4f8e76527fb8"
dependencies = [
 "async-task",
 "concurrent-queue",
 "fastrand",
 "futures-lite",
 "pin-project-lite",
 "slab",
]

[[package]]
name = "async-fs"
version = "2.2.0"
source = "registry+https://github.com/rust-lang/crates.io-index"
checksum = "8034a681df4aed8b8edbd7fbe472401ecf009251c8b40556b304567052e294c5"
dependencies = [
 "async-lock",
 "blocking",
 "futures-lite",
]

[[package]]
name = "async-io"
version = "2.6.0"
source = "registry+https://github.com/rust-lang/crates.io-index"
checksum = "456b8a8feb6f42d237746d4b3e9a178494627745c3c56c6ea55d92ba50d026fc"
dependencies = [
 "autocfg",
 "cfg-if",
 "concurrent-queue",
 "futures-io",
 "futures-lite",
 "parking",
 "polling",
 "rustix",
 "slab",
 "windows-sys 0.61.1",
]

[[package]]
name = "async-lock"
version = "3.4.1"
source = "registry+https://github.com/rust-lang/crates.io-index"
checksum = "5fd03604047cee9b6ce9de9f70c6cd540a0520c813cbd49bae61f33ab80ed1dc"
dependencies = [
 "event-listener",
 "event-listener-strategy",
 "pin-project-lite",
]

[[package]]
name = "async-net"
version = "2.0.0"
source = "registry+https://github.com/rust-lang/crates.io-index"
checksum = "b948000fad4873c1c9339d60f2623323a0cfd3816e5181033c6a5cb68b2accf7"
dependencies = [
 "async-io",
 "blocking",
 "futures-lite",
]

[[package]]
name = "async-process"
version = "2.5.0"
source = "registry+https://github.com/rust-lang/crates.io-index"
checksum = "fc50921ec0055cdd8a16de48773bfeec5c972598674347252c0399676be7da75"
dependencies = [
 "async-channel",
 "async-io",
 "async-lock",
 "async-signal",
 "async-task",
 "blocking",
 "cfg-if",
 "event-listener",
 "futures-lite",
 "rustix",
]

[[package]]
name = "async-signal"
version = "0.2.13"
source = "registry+https://github.com/rust-lang/crates.io-index"
checksum = "43c070bbf59cd3570b6b2dd54cd772527c7c3620fce8be898406dd3ed6adc64c"
dependencies = [
 "async-io",
 "async-lock",
 "atomic-waker",
 "cfg-if",
 "futures-core",
 "futures-io",
 "rustix",
 "signal-hook-registry",
 "slab",
 "windows-sys 0.61.1",
]

[[package]]
name = "async-task"
version = "4.7.1"
source = "registry+https://github.com/rust-lang/crates.io-index"
checksum = "8b75356056920673b02621b35afd0f7dda9306d03c79a30f5c56c44cf256e3de"

[[package]]
name = "atomic-waker"
version = "1.1.2"
source = "registry+https://github.com/rust-lang/crates.io-index"
checksum = "1505bd5d3d116872e7271a6d4e16d81d0c8570876c8de68093a09ac269d8aac0"

[[package]]
name = "autocfg"
version = "1.5.0"
source = "registry+https://github.com/rust-lang/crates.io-index"
checksum = "c08606f8c3cbf4ce6ec8e28fb0014a2c086708fe954eaa885384a6165172e7e8"

[[package]]
name = "bindgen"
version = "0.72.1"
source = "registry+https://github.com/rust-lang/crates.io-index"
checksum = "993776b509cfb49c750f11b8f07a46fa23e0a1386ffc01fb1e7d343efc387895"
dependencies = [
 "bitflags",
 "cexpr",
 "clang-sys",
 "itertools",
 "log",
 "prettyplease",
 "proc-macro2",
 "quote",
 "regex",
 "rustc-hash",
 "shlex",
 "syn",
]

[[package]]
name = "bitflags"
version = "2.9.4"
source = "registry+https://github.com/rust-lang/crates.io-index"
checksum = "2261d10cca569e4643e526d8dc2e62e433cc8aba21ab764233731f8d369bf394"

[[package]]
name = "blocking"
version = "1.6.2"
source = "registry+https://github.com/rust-lang/crates.io-index"
checksum = "e83f8d02be6967315521be875afa792a316e28d57b5a2d401897e2a7921b7f21"
dependencies = [
 "async-channel",
 "async-task",
 "futures-io",
 "futures-lite",
 "piper",
]

[[package]]
name = "bon"
version = "3.7.2"
source = "registry+https://github.com/rust-lang/crates.io-index"
checksum = "c2529c31017402be841eb45892278a6c21a000c0a17643af326c73a73f83f0fb"
dependencies = [
 "bon-macros",
 "rustversion",
]

[[package]]
name = "bon-macros"
version = "3.7.2"
source = "registry+https://github.com/rust-lang/crates.io-index"
checksum = "d82020dadcb845a345591863adb65d74fa8dc5c18a0b6d408470e13b7adc7005"
dependencies = [
 "darling",
 "ident_case",
 "prettyplease",
 "proc-macro2",
 "quote",
 "rustversion",
 "syn",
]

[[package]]
name = "bytemuck"
version = "1.23.2"
source = "registry+https://github.com/rust-lang/crates.io-index"
checksum = "3995eaeebcdf32f91f980d360f78732ddc061097ab4e39991ae7a6ace9194677"
dependencies = [
 "bytemuck_derive",
]

[[package]]
name = "bytemuck_derive"
version = "1.10.1"
source = "registry+https://github.com/rust-lang/crates.io-index"
checksum = "4f154e572231cb6ba2bd1176980827e3d5dc04cc183a75dea38109fbdd672d29"
dependencies = [
 "proc-macro2",
 "quote",
 "syn",
]

[[package]]
name = "calloop"
version = "0.14.3"
source = "registry+https://github.com/rust-lang/crates.io-index"
checksum = "cb9f6e1368bd4621d2c86baa7e37de77a938adf5221e5dd3d6133340101b309e"
dependencies = [
 "bitflags",
 "polling",
 "rustix",
 "slab",
 "tracing",
]

[[package]]
name = "calloop-wayland-source"
version = "0.4.1"
source = "registry+https://github.com/rust-lang/crates.io-index"
checksum = "138efcf0940a02ebf0cc8d1eff41a1682a46b431630f4c52450d6265876021fa"
dependencies = [
 "calloop",
 "rustix",
 "wayland-backend",
 "wayland-client",
]

[[package]]
name = "cc"
version = "1.2.38"
source = "registry+https://github.com/rust-lang/crates.io-index"
checksum = "80f41ae168f955c12fb8960b057d70d0ca153fb83182b57d86380443527be7e9"
dependencies = [
 "find-msvc-tools",
 "shlex",
]

[[package]]
name = "cexpr"
version = "0.6.0"
source = "registry+https://github.com/rust-lang/crates.io-index"
checksum = "6fac387a98bb7c37292057cffc56d62ecb629900026402633ae9160df93a8766"
dependencies = [
 "nom",
]

[[package]]
name = "cfg-if"
version = "1.0.3"
source = "registry+https://github.com/rust-lang/crates.io-index"
checksum = "2fd1289c04a9ea8cb22300a459a72a385d7c73d3259e2ed7dcb2af674838cfa9"

[[package]]
name = "cfg_aliases"
version = "0.2.1"
source = "registry+https://github.com/rust-lang/crates.io-index"
checksum = "613afe47fcd5fac7ccf1db93babcb082c5994d996f20b8b159f2ad1658eb5724"

[[package]]
name = "cgl"
version = "0.3.2"
source = "registry+https://github.com/rust-lang/crates.io-index"
checksum = "0ced0551234e87afee12411d535648dd89d2e7f34c78b753395567aff3d447ff"
dependencies = [
 "libc",
]

[[package]]
name = "clang-sys"
version = "1.8.1"
source = "registry+https://github.com/rust-lang/crates.io-index"
checksum = "0b023947811758c97c59bf9d1c188fd619ad4718dcaa767947df1cadb14f39f4"
dependencies = [
 "glob",
 "libc",
 "libloading",
]

[[package]]
name = "colorchoice"
version = "1.0.4"
source = "registry+https://github.com/rust-lang/crates.io-index"
checksum = "b05b61dc5112cbb17e4b6cd61790d9845d13888356391624cbe7e41efeac1e75"

[[package]]
name = "concurrent-queue"
version = "2.5.0"
source = "registry+https://github.com/rust-lang/crates.io-index"
checksum = "4ca0197aee26d1ae37445ee532fefce43251d24cc7c166799f4d46817f1d3973"
dependencies = [
 "crossbeam-utils",
]

[[package]]
name = "crossbeam-utils"
version = "0.8.21"
source = "registry+https://github.com/rust-lang/crates.io-index"
checksum = "d0a5c400df2834b80a4c3327b3aad3a4c4cd4de0629063962b03235697506a28"

[[package]]
name = "cursor-icon"
version = "1.2.0"
source = "registry+https://github.com/rust-lang/crates.io-index"
checksum = "f27ae1dd37df86211c42e150270f82743308803d90a6f6e6651cd730d5e1732f"

[[package]]
name = "darling"
version = "0.21.3"
source = "registry+https://github.com/rust-lang/crates.io-index"
checksum = "9cdf337090841a411e2a7f3deb9187445851f91b309c0c0a29e05f74a00a48c0"
dependencies = [
 "darling_core",
 "darling_macro",
]

[[package]]
name = "darling_core"
version = "0.21.3"
source = "registry+https://github.com/rust-lang/crates.io-index"
checksum = "1247195ecd7e3c85f83c8d2a366e4210d588e802133e1e355180a9870b517ea4"
dependencies = [
 "fnv",
 "ident_case",
 "proc-macro2",
 "quote",
 "strsim",
 "syn",
]

[[package]]
name = "darling_macro"
version = "0.21.3"
source = "registry+https://github.com/rust-lang/crates.io-index"
checksum = "d38308df82d1080de0afee5d069fa14b0326a88c14f15c5ccda35b4a6c414c81"
dependencies = [
 "darling_core",
 "quote",
 "syn",
]

[[package]]
name = "dispatch2"
version = "0.3.0"
source = "registry+https://github.com/rust-lang/crates.io-index"
checksum = "89a09f22a6c6069a18470eb92d2298acf25463f14256d24778e1230d789a2aec"
dependencies = [
 "bitflags",
 "objc2",
]

[[package]]
name = "dlib"
version = "0.5.2"
source = "registry+https://github.com/rust-lang/crates.io-index"
checksum = "330c60081dcc4c72131f8eb70510f1ac07223e5d4163db481a04a0befcffa412"
dependencies = [
 "libloading",
]

[[package]]
name = "downcast-rs"
version = "1.2.1"
source = "registry+https://github.com/rust-lang/crates.io-index"
checksum = "75b325c5dbd37f80359721ad39aca5a29fb04c89279657cffdda8736d0c0b9d2"

[[package]]
name = "either"
version = "1.15.0"
source = "registry+https://github.com/rust-lang/crates.io-index"
checksum = "48c757948c5ede0e46177b7add2e67155f70e33c07fea8284df6576da70b3719"

[[package]]
name = "env_filter"
version = "0.1.3"
source = "registry+https://github.com/rust-lang/crates.io-index"
checksum = "186e05a59d4c50738528153b83b0b0194d3a29507dfec16eccd4b342903397d0"
dependencies = [
 "log",
 "regex",
]

[[package]]
name = "env_logger"
version = "0.11.8"
source = "registry+https://github.com/rust-lang/crates.io-index"
checksum = "13c863f0904021b108aa8b2f55046443e6b1ebde8fd4a15c399893aae4fa069f"
dependencies = [
 "anstream",
 "anstyle",
 "env_filter",
 "jiff",
 "log",
]

[[package]]
name = "errno"
version = "0.3.14"
source = "registry+https://github.com/rust-lang/crates.io-index"
checksum = "39cab71617ae0d63f51a36d69f866391735b51691dbda63cf6f96d042b63efeb"
dependencies = [
 "libc",
 "windows-sys 0.61.1",
]

[[package]]
name = "event-listener"
version = "5.4.1"
source = "registry+https://github.com/rust-lang/crates.io-index"
checksum = "e13b66accf52311f30a0db42147dadea9850cb48cd070028831ae5f5d4b856ab"
dependencies = [
 "concurrent-queue",
 "parking",
 "pin-project-lite",
]

[[package]]
name = "event-listener-strategy"
version = "0.5.4"
source = "registry+https://github.com/rust-lang/crates.io-index"
checksum = "8be9f3dfaaffdae2972880079a491a1a8bb7cbed0b8dd7a347f668b4150a3b93"
dependencies = [
 "event-listener",
 "pin-project-lite",
]

[[package]]
name = "fastrand"
version = "2.3.0"
source = "registry+https://github.com/rust-lang/crates.io-index"
checksum = "37909eebbb50d72f9059c3b6d82c0463f2ff062c9e95845c43a6c9c0355411be"

[[package]]
name = "find-msvc-tools"
version = "0.1.2"
source = "registry+https://github.com/rust-lang/crates.io-index"
checksum = "1ced73b1dacfc750a6db6c0a0c3a3853c8b41997e2e2c563dc90804ae6867959"

[[package]]
name = "fnv"
version = "1.0.7"
source = "registry+https://github.com/rust-lang/crates.io-index"
checksum = "3f9eec918d3f24069decb9af1554cad7c880e2da24a9afd88aca000531ab82c1"

[[package]]
name = "futures"
version = "0.3.31"
source = "registry+https://github.com/rust-lang/crates.io-index"
checksum = "65bc07b1a8bc7c85c5f2e110c476c7389b4554ba72af57d8445ea63a576b0876"
dependencies = [
 "futures-channel",
 "futures-core",
 "futures-executor",
 "futures-io",
 "futures-sink",
 "futures-task",
 "futures-util",
]

[[package]]
name = "futures-channel"
version = "0.3.31"
source = "registry+https://github.com/rust-lang/crates.io-index"
checksum = "2dff15bf788c671c1934e366d07e30c1814a8ef514e1af724a602e8a2fbe1b10"
dependencies = [
 "futures-core",
 "futures-sink",
]

[[package]]
name = "futures-core"
version = "0.3.31"
source = "registry+https://github.com/rust-lang/crates.io-index"
checksum = "05f29059c0c2090612e8d742178b0580d2dc940c837851ad723096f87af6663e"

[[package]]
name = "futures-executor"
version = "0.3.31"
source = "registry+https://github.com/rust-lang/crates.io-index"
checksum = "1e28d1d997f585e54aebc3f97d39e72338912123a67330d723fdbb564d646c9f"
dependencies = [
 "futures-core",
 "futures-task",
 "futures-util",
]

[[package]]
name = "futures-io"
version = "0.3.31"
source = "registry+https://github.com/rust-lang/crates.io-index"
checksum = "9e5c1b78ca4aae1ac06c48a526a655760685149f0d465d21f37abfe57ce075c6"

[[package]]
name = "futures-lite"
version = "2.6.1"
source = "registry+https://github.com/rust-lang/crates.io-index"
checksum = "f78e10609fe0e0b3f4157ffab1876319b5b0db102a2c60dc4626306dc46b44ad"
dependencies = [
 "fastrand",
 "futures-core",
 "futures-io",
 "parking",
 "pin-project-lite",
]

[[package]]
name = "futures-macro"
version = "0.3.31"
source = "registry+https://github.com/rust-lang/crates.io-index"
checksum = "162ee34ebcb7c64a8abebc059ce0fee27c2262618d7b60ed8faf72fef13c3650"
dependencies = [
 "proc-macro2",
 "quote",
 "syn",
]

[[package]]
name = "futures-sink"
version = "0.3.31"
source = "registry+https://github.com/rust-lang/crates.io-index"
checksum = "e575fab7d1e0dcb8d0c7bcf9a63ee213816ab51902e6d244a95819acacf1d4f7"

[[package]]
name = "futures-task"
version = "0.3.31"
source = "registry+https://github.com/rust-lang/crates.io-index"
checksum = "f90f7dce0722e95104fcb095585910c0977252f286e354b5e3bd38902cd99988"

[[package]]
name = "futures-util"
version = "0.3.31"
source = "registry+https://github.com/rust-lang/crates.io-index"
checksum = "9fa08315bb612088cc391249efdc3bc77536f16c91f6cf495e6fbe85b20a4a81"
dependencies = [
 "futures-channel",
 "futures-core",
 "futures-io",
 "futures-macro",
 "futures-sink",
 "futures-task",
 "memchr",
 "pin-project-lite",
 "pin-utils",
 "slab",
]

[[package]]
name = "gl"
version = "0.14.0"
source = "registry+https://github.com/rust-lang/crates.io-index"
checksum = "a94edab108827d67608095e269cf862e60d920f144a5026d3dbcfd8b877fb404"
dependencies = [
 "gl_generator",
]

[[package]]
name = "gl_generator"
version = "0.14.0"
source = "registry+https://github.com/rust-lang/crates.io-index"
checksum = "1a95dfc23a2b4a9a2f5ab41d194f8bfda3cabec42af4e39f08c339eb2a0c124d"
dependencies = [
 "khronos_api",
 "log",
 "xml-rs",
]

[[package]]
name = "glob"
version = "0.3.3"
source = "registry+https://github.com/rust-lang/crates.io-index"
checksum = "0cc23270f6e1808e30a928bdc84dea0b9b4136a8bc82338574f23baf47bbd280"

[[package]]
name = "glutin"
version = "0.32.3"
source = "registry+https://github.com/rust-lang/crates.io-index"
checksum = "12124de845cacfebedff80e877bb37b5b75c34c5a4c89e47e1cdd67fb6041325"
dependencies = [
 "bitflags",
 "cfg_aliases",
 "cgl",
 "dispatch2",
 "glutin_egl_sys",
 "glutin_glx_sys",
 "glutin_wgl_sys",
 "libloading",
 "objc2",
 "objc2-app-kit",
 "objc2-core-foundation",
 "objc2-foundation",
 "once_cell",
 "raw-window-handle",
 "wayland-sys",
 "windows-sys 0.52.0",
 "x11-dl",
]

[[package]]
name = "glutin_egl_sys"
version = "0.7.1"
source = "registry+https://github.com/rust-lang/crates.io-index"
checksum = "4c4680ba6195f424febdc3ba46e7a42a0e58743f2edb115297b86d7f8ecc02d2"
dependencies = [
 "gl_generator",
 "windows-sys 0.52.0",
]

[[package]]
name = "glutin_glx_sys"
version = "0.6.1"
source = "registry+https://github.com/rust-lang/crates.io-index"
checksum = "8a7bb2938045a88b612499fbcba375a77198e01306f52272e692f8c1f3751185"
dependencies = [
 "gl_generator",
 "x11-dl",
]

[[package]]
name = "glutin_wgl_sys"
version = "0.6.1"
source = "registry+https://github.com/rust-lang/crates.io-index"
checksum = "2c4ee00b289aba7a9e5306d57c2d05499b2e5dc427f84ac708bd2c090212cf3e"
dependencies = [
 "gl_generator",
]

[[package]]
name = "hermit-abi"
version = "0.5.2"
source = "registry+https://github.com/rust-lang/crates.io-index"
checksum = "fc0fef456e4baa96da950455cd02c081ca953b141298e41db3fc7e36b1da849c"

[[package]]
name = "ident_case"
version = "1.0.1"
source = "registry+https://github.com/rust-lang/crates.io-index"
checksum = "b9e0384b61958566e926dc50660321d12159025e767c18e043daf26b70104c39"

[[package]]
name = "is_terminal_polyfill"
version = "1.70.1"
source = "registry+https://github.com/rust-lang/crates.io-index"
checksum = "7943c866cc5cd64cbc25b2e01621d07fa8eb2a1a23160ee81ce38704e97b8ecf"

[[package]]
name = "itertools"
version = "0.13.0"
source = "registry+https://github.com/rust-lang/crates.io-index"
checksum = "413ee7dfc52ee1a4949ceeb7dbc8a33f2d6c088194d9f922fb8318faf1f01186"
dependencies = [
 "either",
]

[[package]]
name = "jiff"
version = "0.2.15"
source = "registry+https://github.com/rust-lang/crates.io-index"
checksum = "be1f93b8b1eb69c77f24bbb0afdf66f54b632ee39af40ca21c4365a1d7347e49"
dependencies = [
 "jiff-static",
 "log",
 "portable-atomic",
 "portable-atomic-util",
 "serde",
]

[[package]]
name = "jiff-static"
version = "0.2.15"
source = "registry+https://github.com/rust-lang/crates.io-index"
checksum = "03343451ff899767262ec32146f6d559dd759fdadf42ff0e227c7c48f72594b4"
dependencies = [
 "proc-macro2",
 "quote",
 "syn",
]

[[package]]
name = "khronos_api"
version = "3.1.0"
source = "registry+https://github.com/rust-lang/crates.io-index"
checksum = "e2db585e1d738fc771bf08a151420d3ed193d9d895a36df7f6f8a9456b911ddc"

[[package]]
name = "libc"
version = "0.2.176"
source = "registry+https://github.com/rust-lang/crates.io-index"
checksum = "58f929b4d672ea937a23a1ab494143d968337a5f47e56d0815df1e0890ddf174"

[[package]]
name = "libloading"
version = "0.8.9"
source = "registry+https://github.com/rust-lang/crates.io-index"
checksum = "d7c4b02199fee7c5d21a5ae7d8cfa79a6ef5bb2fc834d6e9058e89c825efdc55"
dependencies = [
 "cfg-if",
 "windows-link",
]

[[package]]
name = "linux-raw-sys"
version = "0.11.0"
source = "registry+https://github.com/rust-lang/crates.io-index"
checksum = "df1d3c3b53da64cf5760482273a98e575c651a67eec7f77df96b5b642de8f039"

[[package]]
name = "log"
version = "0.4.28"
source = "registry+https://github.com/rust-lang/crates.io-index"
checksum = "34080505efa8e45a4b816c349525ebe327ceaa8559756f0356cba97ef3bf7432"

[[package]]
name = "memchr"
version = "2.7.6"
source = "registry+https://github.com/rust-lang/crates.io-index"
checksum = "f52b00d39961fc5b2736ea853c9cc86238e165017a493d1d5c8eac6bdc4cc273"

[[package]]
name = "memmap2"
version = "0.9.8"
source = "registry+https://github.com/rust-lang/crates.io-index"
checksum = "843a98750cd611cc2965a8213b53b43e715f13c37a9e096c6408e69990961db7"
dependencies = [
 "libc",
]

[[package]]
name = "minimal-lexical"
version = "0.2.1"
source = "registry+https://github.com/rust-lang/crates.io-index"
checksum = "68354c5c6bd36d73ff3feceb05efa59b6acb7626617f4962be322a825e61f79a"

[[package]]
name = "nom"
version = "7.1.3"
source = "registry+https://github.com/rust-lang/crates.io-index"
checksum = "d273983c5a657a70a3e8f2a01329822f3b8c8172b73826411a55751e404a0a4a"
dependencies = [
 "memchr",
 "minimal-lexical",
]

[[package]]
name = "objc2"
version = "0.6.2"
source = "registry+https://github.com/rust-lang/crates.io-index"
checksum = "561f357ba7f3a2a61563a186a163d0a3a5247e1089524a3981d49adb775078bc"
dependencies = [
 "objc2-encode",
]

[[package]]
name = "objc2-app-kit"
version = "0.3.1"
source = "registry+https://github.com/rust-lang/crates.io-index"
checksum = "e6f29f568bec459b0ddff777cec4fe3fd8666d82d5a40ebd0ff7e66134f89bcc"
dependencies = [
 "bitflags",
 "objc2",
 "objc2-core-foundation",
 "objc2-foundation",
]

[[package]]
name = "objc2-core-foundation"
version = "0.3.1"
source = "registry+https://github.com/rust-lang/crates.io-index"
checksum = "1c10c2894a6fed806ade6027bcd50662746363a9589d3ec9d9bef30a4e4bc166"
dependencies = [
 "bitflags",
 "dispatch2",
 "objc2",
]

[[package]]
name = "objc2-encode"
version = "4.1.0"
source = "registry+https://github.com/rust-lang/crates.io-index"
checksum = "ef25abbcd74fb2609453eb695bd2f860d389e457f67dc17cafc8b8cbc89d0c33"

[[package]]
name = "objc2-foundation"
version = "0.3.1"
source = "registry+https://github.com/rust-lang/crates.io-index"
checksum = "900831247d2fe1a09a683278e5384cfb8c80c79fe6b166f9d14bfdde0ea1b03c"
dependencies = [
 "bitflags",
 "objc2",
 "objc2-core-foundation",
]

[[package]]
name = "once_cell"
version = "1.21.3"
source = "registry+https://github.com/rust-lang/crates.io-index"
checksum = "42f5e15c9953c5e4ccceeb2e7382a716482c34515315f7b03532b8b4e8393d2d"

[[package]]
name = "once_cell_polyfill"
version = "1.70.1"
source = "registry+https://github.com/rust-lang/crates.io-index"
checksum = "a4895175b425cb1f87721b59f0f286c2092bd4af812243672510e1ac53e2e0ad"

[[package]]
name = "parking"
version = "2.2.1"
source = "registry+https://github.com/rust-lang/crates.io-index"
checksum = "f38d5652c16fde515bb1ecef450ab0f6a219d619a7274976324d5e377f7dceba"

[[package]]
name = "pin-project-lite"
version = "0.2.16"
source = "registry+https://github.com/rust-lang/crates.io-index"
checksum = "3b3cff922bd51709b605d9ead9aa71031d81447142d828eb4a6eba76fe619f9b"

[[package]]
name = "pin-utils"
version = "0.1.0"
source = "registry+https://github.com/rust-lang/crates.io-index"
checksum = "8b870d8c151b6f2fb93e84a13146138f05d02ed11c7e7c54f8826aaaf7c9f184"

[[package]]
name = "piper"
version = "0.2.4"
source = "registry+https://github.com/rust-lang/crates.io-index"
checksum = "96c8c490f422ef9a4efd2cb5b42b76c8613d7e7dfc1caf667b8a3350a5acc066"
dependencies = [
 "atomic-waker",
 "fastrand",
 "futures-io",
]

[[package]]
name = "pkg-config"
version = "0.3.32"
source = "registry+https://github.com/rust-lang/crates.io-index"
checksum = "7edddbd0b52d732b21ad9a5fab5c704c14cd949e5e9a1ec5929a24fded1b904c"

[[package]]
name = "polling"
version = "3.11.0"
source = "registry+https://github.com/rust-lang/crates.io-index"
checksum = "5d0e4f59085d47d8241c88ead0f274e8a0cb551f3625263c05eb8dd897c34218"
dependencies = [
 "cfg-if",
 "concurrent-queue",
 "hermit-abi",
 "pin-project-lite",
 "rustix",
 "windows-sys 0.61.1",
]

[[package]]
name = "portable-atomic"
version = "1.11.1"
source = "registry+https://github.com/rust-lang/crates.io-index"
checksum = "f84267b20a16ea918e43c6a88433c2d54fa145c92a811b5b047ccbe153674483"

[[package]]
name = "portable-atomic-util"
version = "0.2.4"
source = "registry+https://github.com/rust-lang/crates.io-index"
checksum = "d8a2f0d8d040d7848a709caf78912debcc3f33ee4b3cac47d73d1e1069e83507"
dependencies = [
 "portable-atomic",
]

[[package]]
name = "prettyplease"
version = "0.2.37"
source = "registry+https://github.com/rust-lang/crates.io-index"
checksum = "479ca8adacdd7ce8f1fb39ce9ecccbfe93a3f1344b3d0d97f20bc0196208f62b"
dependencies = [
 "proc-macro2",
 "syn",
]

[[package]]
name = "proc-macro2"
version = "1.0.101"
source = "registry+https://github.com/rust-lang/crates.io-index"
checksum = "89ae43fd86e4158d6db51ad8e2b80f313af9cc74f5c0e03ccb87de09998732de"
dependencies = [
 "unicode-ident",
]

[[package]]
name = "quick-xml"
version = "0.37.5"
source = "registry+https://github.com/rust-lang/crates.io-index"
checksum = "331e97a1af0bf59823e6eadffe373d7b27f485be8748f71471c662c1f269b7fb"
dependencies = [
 "memchr",
]

[[package]]
name = "quote"
version = "1.0.40"
source = "registry+https://github.com/rust-lang/crates.io-index"
checksum = "1885c039570dc00dcb4ff087a89e185fd56bae234ddc7f056a945bf36467248d"
dependencies = [
 "proc-macro2",
]

[[package]]
name = "raw-window-handle"
version = "0.6.2"
source = "registry+https://github.com/rust-lang/crates.io-index"
checksum = "20675572f6f24e9e76ef639bc5552774ed45f1c30e2951e1e99c59888861c539"

[[package]]
name = "regex"
version = "1.11.3"
source = "registry+https://github.com/rust-lang/crates.io-index"
checksum = "8b5288124840bee7b386bc413c487869b360b2b4ec421ea56425128692f2a82c"
dependencies = [
 "aho-corasick",
 "memchr",
 "regex-automata",
 "regex-syntax",
]

[[package]]
name = "regex-automata"
version = "0.4.11"
source = "registry+https://github.com/rust-lang/crates.io-index"
checksum = "833eb9ce86d40ef33cb1306d8accf7bc8ec2bfea4355cbdebb3df68b40925cad"
dependencies = [
 "aho-corasick",
 "memchr",
 "regex-syntax",
]

[[package]]
name = "regex-syntax"
version = "0.8.6"
source = "registry+https://github.com/rust-lang/crates.io-index"
checksum = "caf4aa5b0f434c91fe5c7f1ecb6a5ece2130b02ad2a590589dda5146df959001"

[[package]]
name = "rustc-hash"
version = "2.1.1"
source = "registry+https://github.com/rust-lang/crates.io-index"
checksum = "357703d41365b4b27c590e3ed91eabb1b663f07c4c084095e60cbed4362dff0d"

[[package]]
name = "rustix"
version = "1.1.2"
source = "registry+https://github.com/rust-lang/crates.io-index"
checksum = "cd15f8a2c5551a84d56efdc1cd049089e409ac19a3072d5037a17fd70719ff3e"
dependencies = [
 "bitflags",
 "errno",
 "libc",
 "linux-raw-sys",
 "windows-sys 0.61.1",
]

[[package]]
name = "rustversion"
version = "1.0.22"
source = "registry+https://github.com/rust-lang/crates.io-index"
checksum = "b39cdef0fa800fc44525c84ccb54a029961a8215f9619753635a9c0d2538d46d"

[[package]]
name = "scoped-tls"
version = "1.0.1"
source = "registry+https://github.com/rust-lang/crates.io-index"
checksum = "e1cf6437eb19a8f4a6cc0f7dca544973b0b78843adbfeb3683d1a94a0024a294"

[[package]]
name = "serde"
version = "1.0.226"
source = "registry+https://github.com/rust-lang/crates.io-index"
checksum = "0dca6411025b24b60bfa7ec1fe1f8e710ac09782dca409ee8237ba74b51295fd"
dependencies = [
 "serde_core",
]

[[package]]
name = "serde_core"
version = "1.0.226"
source = "registry+https://github.com/rust-lang/crates.io-index"
checksum = "ba2ba63999edb9dac981fb34b3e5c0d111a69b0924e253ed29d83f7c99e966a4"
dependencies = [
 "serde_derive",
]

[[package]]
name = "serde_derive"
version = "1.0.226"
source = "registry+https://github.com/rust-lang/crates.io-index"
checksum = "8db53ae22f34573731bafa1db20f04027b2d25e02d8205921b569171699cdb33"
dependencies = [
 "proc-macro2",
 "quote",
 "syn",
]

[[package]]
name = "shlex"
version = "1.3.0"
source = "registry+https://github.com/rust-lang/crates.io-index"
checksum = "0fda2ff0d084019ba4d7c6f371c95d8fd75ce3524c3cb8fb653a3023f6323e64"

[[package]]
name = "signal-hook-registry"
version = "1.4.6"
source = "registry+https://github.com/rust-lang/crates.io-index"
checksum = "b2a4719bff48cee6b39d12c020eeb490953ad2443b7055bd0b21fca26bd8c28b"
dependencies = [
 "libc",
]

[[package]]
name = "slab"
version = "0.4.11"
source = "registry+https://github.com/rust-lang/crates.io-index"
checksum = "7a2ae44ef20feb57a68b23d846850f861394c2e02dc425a50098ae8c90267589"

[[package]]
name = "smallvec"
version = "1.15.1"
source = "registry+https://github.com/rust-lang/crates.io-index"
checksum = "67b1b7a3b5fe4f1376887184045fcf45c69e92af734b7aaddc05fb777b6fbd03"

[[package]]
name = "smithay-client-toolkit"
version = "0.20.0"
source = "registry+https://github.com/rust-lang/crates.io-index"
checksum = "0512da38f5e2b31201a93524adb8d3136276fa4fe4aafab4e1f727a82b534cc0"
dependencies = [
 "bitflags",
 "bytemuck",
 "calloop",
 "calloop-wayland-source",
 "cursor-icon",
 "libc",
 "log",
 "memmap2",
 "pkg-config",
 "rustix",
 "thiserror",
 "wayland-backend",
 "wayland-client",
 "wayland-csd-frame",
 "wayland-cursor",
 "wayland-protocols",
 "wayland-protocols-experimental",
 "wayland-protocols-misc",
 "wayland-protocols-wlr",
 "wayland-scanner",
 "xkbcommon",
 "xkeysym",
]

[[package]]
name = "smol"
version = "2.0.2"
source = "registry+https://github.com/rust-lang/crates.io-index"
checksum = "a33bd3e260892199c3ccfc487c88b2da2265080acb316cd920da72fdfd7c599f"
dependencies = [
 "async-channel",
 "async-executor",
 "async-fs",
 "async-io",
 "async-lock",
 "async-net",
 "async-process",
 "blocking",
 "futures-lite",
]

[[package]]
name = "strsim"
version = "0.11.1"
source = "registry+https://github.com/rust-lang/crates.io-index"
checksum = "7da8b5736845d9f2fcb837ea5d9e2628564b3b043a70948a3f0b778838c5fb4f"

[[package]]
name = "syn"
version = "2.0.106"
source = "registry+https://github.com/rust-lang/crates.io-index"
checksum = "ede7c438028d4436d71104916910f5bb611972c5cfd7f89b8300a8186e6fada6"
dependencies = [
 "proc-macro2",
 "quote",
 "unicode-ident",
]

[[package]]
name = "thiserror"
version = "2.0.16"
source = "registry+https://github.com/rust-lang/crates.io-index"
checksum = "3467d614147380f2e4e374161426ff399c91084acd2363eaf549172b3d5e60c0"
dependencies = [
 "thiserror-impl",
]

[[package]]
name = "thiserror-impl"
version = "2.0.16"
source = "registry+https://github.com/rust-lang/crates.io-index"
checksum = "6c5e1be1c48b9172ee610da68fd9cd2770e7a4056cb3fc98710ee6906f0c7960"
dependencies = [
 "proc-macro2",
 "quote",
 "syn",
]

[[package]]
name = "tracing"
version = "0.1.41"
source = "registry+https://github.com/rust-lang/crates.io-index"
checksum = "784e0ac535deb450455cbfa28a6f0df145ea1bb7ae51b821cf5e7927fdcfbdd0"
dependencies = [
 "log",
 "pin-project-lite",
 "tracing-core",
]

[[package]]
name = "tracing-core"
version = "0.1.34"
source = "registry+https://github.com/rust-lang/crates.io-index"
checksum = "b9d12581f227e93f094d3af2ae690a574abb8a2b9b7a96e7cfe9647b2b617678"

[[package]]
name = "unicode-ident"
version = "1.0.19"
source = "registry+https://github.com/rust-lang/crates.io-index"
checksum = "f63a545481291138910575129486daeaf8ac54aee4387fe7906919f7830c7d9d"

[[package]]
name = "utf8parse"
version = "0.2.2"
source = "registry+https://github.com/rust-lang/crates.io-index"
checksum = "06abde3611657adf66d383f00b093d7faecc7fa57071cce2578660c9f1010821"

[[package]]
name = "wayflutter"
version = "0.1.0"
dependencies = [
 "anyhow",
 "bindgen",
 "bon",
 "env_logger",
 "futures",
 "gl",
 "glutin",
 "log",
 "raw-window-handle",
 "smithay-client-toolkit",
 "smol",
 "thiserror",
 "wayland-backend",
 "wayland-client",
]

[[package]]
name = "wayland-backend"
version = "0.3.11"
source = "registry+https://github.com/rust-lang/crates.io-index"
checksum = "673a33c33048a5ade91a6b139580fa174e19fb0d23f396dca9fa15f2e1e49b35"
dependencies = [
 "cc",
 "downcast-rs",
 "rustix",
 "scoped-tls",
 "smallvec",
 "wayland-sys",
]

[[package]]
name = "wayland-client"
version = "0.31.11"
source = "registry+https://github.com/rust-lang/crates.io-index"
checksum = "c66a47e840dc20793f2264eb4b3e4ecb4b75d91c0dd4af04b456128e0bdd449d"
dependencies = [
 "bitflags",
 "rustix",
 "wayland-backend",
 "wayland-scanner",
]

[[package]]
name = "wayland-csd-frame"
version = "0.3.0"
source = "registry+https://github.com/rust-lang/crates.io-index"
checksum = "625c5029dbd43d25e6aa9615e88b829a5cad13b2819c4ae129fdbb7c31ab4c7e"
dependencies = [
 "bitflags",
 "cursor-icon",
 "wayland-backend",
]

[[package]]
name = "wayland-cursor"
version = "0.31.11"
source = "registry+https://github.com/rust-lang/crates.io-index"
checksum = "447ccc440a881271b19e9989f75726d60faa09b95b0200a9b7eb5cc47c3eeb29"
dependencies = [
 "rustix",
 "wayland-client",
 "xcursor",
]

[[package]]
name = "wayland-protocols"
version = "0.32.9"
source = "registry+https://github.com/rust-lang/crates.io-index"
checksum = "efa790ed75fbfd71283bd2521a1cfdc022aabcc28bdcff00851f9e4ae88d9901"
dependencies = [
 "bitflags",
 "wayland-backend",
 "wayland-client",
 "wayland-scanner",
]

[[package]]
name = "wayland-protocols-experimental"
version = "20250721.0.1"
source = "registry+https://github.com/rust-lang/crates.io-index"
checksum = "40a1f863128dcaaec790d7b4b396cc9b9a7a079e878e18c47e6c2d2c5a8dcbb1"
dependencies = [
 "bitflags",
 "wayland-backend",
 "wayland-client",
 "wayland-protocols",
 "wayland-scanner",
]

[[package]]
name = "wayland-protocols-misc"
version = "0.3.9"
source = "registry+https://github.com/rust-lang/crates.io-index"
checksum = "2dfe33d551eb8bffd03ff067a8b44bb963919157841a99957151299a6307d19c"
dependencies = [
 "bitflags",
 "wayland-backend",
 "wayland-client",
 "wayland-protocols",
 "wayland-scanner",
]

[[package]]
name = "wayland-protocols-wlr"
version = "0.3.9"
source = "registry+https://github.com/rust-lang/crates.io-index"
checksum = "efd94963ed43cf9938a090ca4f7da58eb55325ec8200c3848963e98dc25b78ec"
dependencies = [
 "bitflags",
 "wayland-backend",
 "wayland-client",
 "wayland-protocols",
 "wayland-scanner",
]

[[package]]
name = "wayland-scanner"
version = "0.31.7"
source = "registry+https://github.com/rust-lang/crates.io-index"
checksum = "54cb1e9dc49da91950bdfd8b848c49330536d9d1fb03d4bfec8cae50caa50ae3"
dependencies = [
 "proc-macro2",
 "quick-xml",
 "quote",
]

[[package]]
name = "wayland-sys"
version = "0.31.7"
source = "registry+https://github.com/rust-lang/crates.io-index"
checksum = "34949b42822155826b41db8e5d0c1be3a2bd296c747577a43a3e6daefc296142"
dependencies = [
 "dlib",
 "log",
 "once_cell",
 "pkg-config",
]

[[package]]
name = "windows-link"
version = "0.2.0"
source = "registry+https://github.com/rust-lang/crates.io-index"
checksum = "45e46c0661abb7180e7b9c281db115305d49ca1709ab8242adf09666d2173c65"

[[package]]
name = "windows-sys"
version = "0.52.0"
source = "registry+https://github.com/rust-lang/crates.io-index"
checksum = "282be5f36a8ce781fad8c8ae18fa3f9beff57ec1b52cb3de0789201425d9a33d"
dependencies = [
 "windows-targets 0.52.6",
]

[[package]]
name = "windows-sys"
version = "0.60.2"
source = "registry+https://github.com/rust-lang/crates.io-index"
checksum = "f2f500e4d28234f72040990ec9d39e3a6b950f9f22d3dba18416c35882612bcb"
dependencies = [
 "windows-targets 0.53.4",
]

[[package]]
name = "windows-sys"
version = "0.61.1"
source = "registry+https://github.com/rust-lang/crates.io-index"
checksum = "6f109e41dd4a3c848907eb83d5a42ea98b3769495597450cf6d153507b166f0f"
dependencies = [
 "windows-link",
]

[[package]]
name = "windows-targets"
version = "0.52.6"
source = "registry+https://github.com/rust-lang/crates.io-index"
checksum = "9b724f72796e036ab90c1021d4780d4d3d648aca59e491e6b98e725b84e99973"
dependencies = [
 "windows_aarch64_gnullvm 0.52.6",
 "windows_aarch64_msvc 0.52.6",
 "windows_i686_gnu 0.52.6",
 "windows_i686_gnullvm 0.52.6",
 "windows_i686_msvc 0.52.6",
 "windows_x86_64_gnu 0.52.6",
 "windows_x86_64_gnullvm 0.52.6",
 "windows_x86_64_msvc 0.52.6",
]

[[package]]
name = "windows-targets"
version = "0.53.4"
source = "registry+https://github.com/rust-lang/crates.io-index"
checksum = "2d42b7b7f66d2a06854650af09cfdf8713e427a439c97ad65a6375318033ac4b"
dependencies = [
 "windows-link",
 "windows_aarch64_gnullvm 0.53.0",
 "windows_aarch64_msvc 0.53.0",
 "windows_i686_gnu 0.53.0",
 "windows_i686_gnullvm 0.53.0",
 "windows_i686_msvc 0.53.0",
 "windows_x86_64_gnu 0.53.0",
 "windows_x86_64_gnullvm 0.53.0",
 "windows_x86_64_msvc 0.53.0",
]

[[package]]
name = "windows_aarch64_gnullvm"
version = "0.52.6"
source = "registry+https://github.com/rust-lang/crates.io-index"
checksum = "32a4622180e7a0ec044bb555404c800bc9fd9ec262ec147edd5989ccd0c02cd3"

[[package]]
name = "windows_aarch64_gnullvm"
version = "0.53.0"
source = "registry+https://github.com/rust-lang/crates.io-index"
checksum = "86b8d5f90ddd19cb4a147a5fa63ca848db3df085e25fee3cc10b39b6eebae764"

[[package]]
name = "windows_aarch64_msvc"
version = "0.52.6"
source = "registry+https://github.com/rust-lang/crates.io-index"
checksum = "09ec2a7bb152e2252b53fa7803150007879548bc709c039df7627cabbd05d469"

[[package]]
name = "windows_aarch64_msvc"
version = "0.53.0"
source = "registry+https://github.com/rust-lang/crates.io-index"
checksum = "c7651a1f62a11b8cbd5e0d42526e55f2c99886c77e007179efff86c2b137e66c"

[[package]]
name = "windows_i686_gnu"
version = "0.52.6"
source = "registry+https://github.com/rust-lang/crates.io-index"
checksum = "8e9b5ad5ab802e97eb8e295ac6720e509ee4c243f69d781394014ebfe8bbfa0b"

[[package]]
name = "windows_i686_gnu"
version = "0.53.0"
source = "registry+https://github.com/rust-lang/crates.io-index"
checksum = "c1dc67659d35f387f5f6c479dc4e28f1d4bb90ddd1a5d3da2e5d97b42d6272c3"

[[package]]
name = "windows_i686_gnullvm"
version = "0.52.6"
source = "registry+https://github.com/rust-lang/crates.io-index"
checksum = "0eee52d38c090b3caa76c563b86c3a4bd71ef1a819287c19d586d7334ae8ed66"

[[package]]
name = "windows_i686_gnullvm"
version = "0.53.0"
source = "registry+https://github.com/rust-lang/crates.io-index"
checksum = "9ce6ccbdedbf6d6354471319e781c0dfef054c81fbc7cf83f338a4296c0cae11"

[[package]]
name = "windows_i686_msvc"
version = "0.52.6"
source = "registry+https://github.com/rust-lang/crates.io-index"
checksum = "240948bc05c5e7c6dabba28bf89d89ffce3e303022809e73deaefe4f6ec56c66"

[[package]]
name = "windows_i686_msvc"
version = "0.53.0"
source = "registry+https://github.com/rust-lang/crates.io-index"
checksum = "581fee95406bb13382d2f65cd4a908ca7b1e4c2f1917f143ba16efe98a589b5d"

[[package]]
name = "windows_x86_64_gnu"
version = "0.52.6"
source = "registry+https://github.com/rust-lang/crates.io-index"
checksum = "147a5c80aabfbf0c7d901cb5895d1de30ef2907eb21fbbab29ca94c5b08b1a78"

[[package]]
name = "windows_x86_64_gnu"
version = "0.53.0"
source = "registry+https://github.com/rust-lang/crates.io-index"
checksum = "2e55b5ac9ea33f2fc1716d1742db15574fd6fc8dadc51caab1c16a3d3b4190ba"

[[package]]
name = "windows_x86_64_gnullvm"
version = "0.52.6"
source = "registry+https://github.com/rust-lang/crates.io-index"
checksum = "24d5b23dc417412679681396f2b49f3de8c1473deb516bd34410872eff51ed0d"

[[package]]
name = "windows_x86_64_gnullvm"
version = "0.53.0"
source = "registry+https://github.com/rust-lang/crates.io-index"
checksum = "0a6e035dd0599267ce1ee132e51c27dd29437f63325753051e71dd9e42406c57"

[[package]]
name = "windows_x86_64_msvc"
version = "0.52.6"
source = "registry+https://github.com/rust-lang/crates.io-index"
checksum = "589f6da84c646204747d1270a2a5661ea66ed1cced2631d546fdfb155959f9ec"

[[package]]
name = "windows_x86_64_msvc"
version = "0.53.0"
source = "registry+https://github.com/rust-lang/crates.io-index"
checksum = "271414315aff87387382ec3d271b52d7ae78726f5d44ac98b4f4030c91880486"

[[package]]
name = "x11-dl"
version = "2.21.0"
source = "registry+https://github.com/rust-lang/crates.io-index"
checksum = "38735924fedd5314a6e548792904ed8c6de6636285cb9fec04d5b1db85c1516f"
dependencies = [
 "libc",
 "once_cell",
 "pkg-config",
]

[[package]]
name = "xcursor"
version = "0.3.10"
source = "registry+https://github.com/rust-lang/crates.io-index"
checksum = "bec9e4a500ca8864c5b47b8b482a73d62e4237670e5b5f1d6b9e3cae50f28f2b"

[[package]]
name = "xkbcommon"
version = "0.8.0"
source = "registry+https://github.com/rust-lang/crates.io-index"
checksum = "8d66ca9352cbd4eecbbc40871d8a11b4ac8107cfc528a6e14d7c19c69d0e1ac9"
dependencies = [
 "libc",
 "memmap2",
 "xkeysym",
]

[[package]]
name = "xkeysym"
version = "0.2.1"
source = "registry+https://github.com/rust-lang/crates.io-index"
checksum = "b9cc00251562a284751c9973bace760d86c0276c471b4be569fe6b068ee97a56"
dependencies = [
 "bytemuck",
]

[[package]]
name = "xml-rs"
version = "0.8.27"
source = "registry+https://github.com/rust-lang/crates.io-index"
checksum = "6fd8403733700263c6eb89f192880191f1b83e332f7a20371ddcf421c4a337c7"
